{
  "name": "New_App",
  "lockfileVersion": 3,
  "requires": true,
  "packages": {
    "": {
      "dependencies": {
        "cache": "^3.0.0",
        "clear": "^0.1.0",
        "react": "^19.0.0"
      }
    },
    "node_modules/cache": {
      "version": "3.0.0",
      "resolved": "https://registry.npmjs.org/cache/-/cache-3.0.0.tgz",
      "integrity": "sha512-sNoM5jithfalxIceo/uFFm5bOlGjux2y8jEvjNb0F/cACWQaMmWuEPTLl6GzLHdFcNsbWBBdqkBd9NyefZ5UQQ==",
      "license": "ISC",
      "dependencies": {
        "ds": "^1.4.2"
      }
    },
    "node_modules/clear": {
      "version": "0.1.0",
      "resolved": "https://registry.npmjs.org/clear/-/clear-0.1.0.tgz",
      "integrity": "sha512-qMjRnoL+JDPJHeLePZJuao6+8orzHMGP04A8CdwCNsKhRbOnKRjefxONR7bwILT3MHecxKBjHkKL/tkZ8r4Uzw==",
      "engines": {
        "node": "*"
      }
    },
    "node_modules/ds": {
      "version": "1.4.2",
      "resolved": "https://registry.npmjs.org/ds/-/ds-1.4.2.tgz",
      "integrity": "sha512-d5nMCjfod+srvE/1Bnt/u+L++6N8KJx3ZAi95AGp0g6RtfuGDNlGciWL/iiwKHsFVBVnA3/HEFUq5SW1NgTQ3Q==",
      "license": "MIT"
    },
    "node_modules/react": {
      "version": "19.0.0",
      "resolved": "https://registry.npmjs.org/react/-/react-19.0.0.tgz",
      "integrity": "sha512-V8AVnmPIICiWpGfm6GLzCR/W5FXLchHop40W4nXBmdlEceh16rCN8O8LNWm5bh5XUX91fh7KpA+W0TgMKmgTpQ==",
      "license": "MIT",
      "engines": {
        "node": ">=0.10.0"
      }
    }
  }
}
